// !$*UTF8*$!
{
	archiveVersion = 1;
	classes = {
	};
	objectVersion = 55;
	objects = {

/* Begin PBXBuildFile section */
		47FB34ED279D9C9F00FF823A /* UI_432App.swift in Sources */ = {isa = PBXBuildFile; fileRef = 47FB34EC279D9C9F00FF823A /* UI_432App.swift */; };
		47FB34EF279D9C9F00FF823A /* ContentView.swift in Sources */ = {isa = PBXBuildFile; fileRef = 47FB34EE279D9C9F00FF823A /* ContentView.swift */; };
		47FB34F1279D9CA000FF823A /* Assets.xcassets in Resources */ = {isa = PBXBuildFile; fileRef = 47FB34F0279D9CA000FF823A /* Assets.xcassets */; };
		47FB34F4279D9CA000FF823A /* Preview Assets.xcassets in Resources */ = {isa = PBXBuildFile; fileRef = 47FB34F3279D9CA000FF823A /* Preview Assets.xcassets */; };
		47FB34FE279D9CA000FF823A /* UI_432Tests.swift in Sources */ = {isa = PBXBuildFile; fileRef = 47FB34FD279D9CA000FF823A /* UI_432Tests.swift */; };
		47FB3508279D9CA000FF823A /* UI_432UITests.swift in Sources */ = {isa = PBXBuildFile; fileRef = 47FB3507279D9CA000FF823A /* UI_432UITests.swift */; };
		47FB350A279D9CA000FF823A /* UI_432UITestsLaunchTests.swift in Sources */ = {isa = PBXBuildFile; fileRef = 47FB3509279D9CA000FF823A /* UI_432UITestsLaunchTests.swift */; };
		47FB3518279D9D4F00FF823A /* Extensions.swift in Sources */ = {isa = PBXBuildFile; fileRef = 47FB3517279D9D4F00FF823A /* Extensions.swift */; };
		47FB351B279DA1DE00FF823A /* HomeViewModel.swift in Sources */ = {isa = PBXBuildFile; fileRef = 47FB351A279DA1DE00FF823A /* HomeViewModel.swift */; };
/* End PBXBuildFile section */

/* Begin PBXContainerItemProxy section */
		47FB34FA279D9CA000FF823A /* PBXContainerItemProxy */ = {
			isa = PBXContainerItemProxy;
			containerPortal = 47FB34E1279D9C9F00FF823A /* Project object */;
			proxyType = 1;
			remoteGlobalIDString = 47FB34E8279D9C9F00FF823A;
			remoteInfo = "UI-432";
		};
		47FB3504279D9CA000FF823A /* PBXContainerItemProxy */ = {
			isa = PBXContainerItemProxy;
			containerPortal = 47FB34E1279D9C9F00FF823A /* Project object */;
			proxyType = 1;
			remoteGlobalIDString = 47FB34E8279D9C9F00FF823A;
			remoteInfo = "UI-432";
		};
/* End PBXContainerItemProxy section */

/* Begin PBXFileReference section */
		47FB34E9279D9C9F00FF823A /* UI-432.app */ = {isa = PBXFileReference; explicitFileType = wrapper.application; includeInIndex = 0; path = "UI-432.app"; sourceTree = BUILT_PRODUCTS_DIR; };
		47FB34EC279D9C9F00FF823A /* UI_432App.swift */ = {isa = PBXFileReference; lastKnownFileType = sourcecode.swift; path = UI_432App.swift; sourceTree = "<group>"; };
		47FB34EE279D9C9F00FF823A /* ContentView.swift */ = {isa = PBXFileReference; lastKnownFileType = sourcecode.swift; path = ContentView.swift; sourceTree = "<group>"; };
		47FB34F0279D9CA000FF823A /* Assets.xcassets */ = {isa = PBXFileReference; lastKnownFileType = folder.assetcatalog; path = Assets.xcassets; sourceTree = "<group>"; };
		47FB34F3279D9CA000FF823A /* Preview Assets.xcassets */ = {isa = PBXFileReference; lastKnownFileType = folder.assetcatalog; path = "Preview Assets.xcassets"; sourceTree = "<group>"; };
		47FB34F9279D9CA000FF823A /* UI-432Tests.xctest */ = {isa = PBXFileReference; explicitFileType = wrapper.cfbundle; includeInIndex = 0; path = "UI-432Tests.xctest"; sourceTree = BUILT_PRODUCTS_DIR; };
		47FB34FD279D9CA000FF823A /* UI_432Tests.swift */ = {isa = PBXFileReference; lastKnownFileType = sourcecode.swift; path = UI_432Tests.swift; sourceTree = "<group>"; };
		47FB3503279D9CA000FF823A /* UI-432UITests.xctest */ = {isa = PBXFileReference; explicitFileType = wrapper.cfbundle; includeInIndex = 0; path = "UI-432UITests.xctest"; sourceTree = BUILT_PRODUCTS_DIR; };
		47FB3507279D9CA000FF823A /* UI_432UITests.swift */ = {isa = PBXFileReference; lastKnownFileType = sourcecode.swift; path = UI_432UITests.swift; sourceTree = "<group>"; };
		47FB3509279D9CA000FF823A /* UI_432UITestsLaunchTests.swift */ = {isa = PBXFileReference; lastKnownFileType = sourcecode.swift; path = UI_432UITestsLaunchTests.swift; sourceTree = "<group>"; };
		47FB3517279D9D4F00FF823A /* Extensions.swift */ = {isa = PBXFileReference; lastKnownFileType = sourcecode.swift; path = Extensions.swift; sourceTree = "<group>"; };
		47FB351A279DA1DE00FF823A /* HomeViewModel.swift */ = {isa = PBXFileReference; lastKnownFileType = sourcecode.swift; path = HomeViewModel.swift; sourceTree = "<group>"; };
/* End PBXFileReference section */

/* Begin PBXFrameworksBuildPhase section */
		47FB34E6279D9C9F00FF823A /* Frameworks */ = {
			isa = PBXFrameworksBuildPhase;
			buildActionMask = 2147483647;
			files = (
			);
			runOnlyForDeploymentPostprocessing = 0;
		};
		47FB34F6279D9CA000FF823A /* Frameworks */ = {
			isa = PBXFrameworksBuildPhase;
			buildActionMask = 2147483647;
			files = (
			);
			runOnlyForDeploymentPostprocessing = 0;
		};
		47FB3500279D9CA000FF823A /* Frameworks */ = {
			isa = PBXFrameworksBuildPhase;
			buildActionMask = 2147483647;
			files = (
			);
			runOnlyForDeploymentPostprocessing = 0;
		};
/* End PBXFrameworksBuildPhase section */

/* Begin PBXGroup section */
		47FB34E0279D9C9F00FF823A = {
			isa = PBXGroup;
			children = (
				47FB34EB279D9C9F00FF823A /* UI-432 */,
				47FB34FC279D9CA000FF823A /* UI-432Tests */,
				47FB3506279D9CA000FF823A /* UI-432UITests */,
				47FB34EA279D9C9F00FF823A /* Products */,
			);
			sourceTree = "<group>";
		};
		47FB34EA279D9C9F00FF823A /* Products */ = {
			isa = PBXGroup;
			children = (
				47FB34E9279D9C9F00FF823A /* UI-432.app */,
				47FB34F9279D9CA000FF823A /* UI-432Tests.xctest */,
				47FB3503279D9CA000FF823A /* UI-432UITests.xctest */,
			);
			name = Products;
			sourceTree = "<group>";
		};
		47FB34EB279D9C9F00FF823A /* UI-432 */ = {
			isa = PBXGroup;
			children = (
				47FB3519279DA1D200FF823A /* ViewModel */,
				47FB3516279D9D4300FF823A /* Helper */,
				47FB34EC279D9C9F00FF823A /* UI_432App.swift */,
				47FB34EE279D9C9F00FF823A /* ContentView.swift */,
				47FB34F0279D9CA000FF823A /* Assets.xcassets */,
				47FB34F2279D9CA000FF823A /* Preview Content */,
			);
			path = "UI-432";
			sourceTree = "<group>";
		};
		47FB34F2279D9CA000FF823A /* Preview Content */ = {
			isa = PBXGroup;
			children = (
				47FB34F3279D9CA000FF823A /* Preview Assets.xcassets */,
			);
			path = "Preview Content";
			sourceTree = "<group>";
		};
		47FB34FC279D9CA000FF823A /* UI-432Tests */ = {
			isa = PBXGroup;
			children = (
				47FB34FD279D9CA000FF823A /* UI_432Tests.swift */,
			);
			path = "UI-432Tests";
			sourceTree = "<group>";
		};
		47FB3506279D9CA000FF823A /* UI-432UITests */ = {
			isa = PBXGroup;
			children = (
				47FB3507279D9CA000FF823A /* UI_432UITests.swift */,
				47FB3509279D9CA000FF823A /* UI_432UITestsLaunchTests.swift */,
			);
			path = "UI-432UITests";
			sourceTree = "<group>";
		};
		47FB3516279D9D4300FF823A /* Helper */ = {
			isa = PBXGroup;
			children = (
				47FB3517279D9D4F00FF823A /* Extensions.swift */,
			);
			path = Helper;
			sourceTree = "<group>";
		};
		47FB3519279DA1D200FF823A /* ViewModel */ = {
			isa = PBXGroup;
			children = (
				47FB351A279DA1DE00FF823A /* HomeViewModel.swift */,
			);
			path = ViewModel;
			sourceTree = "<group>";
		};
/* End PBXGroup section */

/* Begin PBXNativeTarget section */
		47FB34E8279D9C9F00FF823A /* UI-432 */ = {
			isa = PBXNativeTarget;
			buildConfigurationList = 47FB350D279D9CA000FF823A /* Build configuration list for PBXNativeTarget "UI-432" */;
			buildPhases = (
				47FB34E5279D9C9F00FF823A /* Sources */,
				47FB34E6279D9C9F00FF823A /* Frameworks */,
				47FB34E7279D9C9F00FF823A /* Resources */,
			);
			buildRules = (
			);
			dependencies = (
			);
			name = "UI-432";
			productName = "UI-432";
			productReference = 47FB34E9279D9C9F00FF823A /* UI-432.app */;
			productType = "com.apple.product-type.application";
		};
		47FB34F8279D9CA000FF823A /* UI-432Tests */ = {
			isa = PBXNativeTarget;
			buildConfigurationList = 47FB3510279D9CA000FF823A /* Build configuration list for PBXNativeTarget "UI-432Tests" */;
			buildPhases = (
				47FB34F5279D9CA000FF823A /* Sources */,
				47FB34F6279D9CA000FF823A /* Frameworks */,
				47FB34F7279D9CA000FF823A /* Resources */,
			);
			buildRules = (
			);
			dependencies = (
				47FB34FB279D9CA000FF823A /* PBXTargetDependency */,
			);
			name = "UI-432Tests";
			productName = "UI-432Tests";
			productReference = 47FB34F9279D9CA000FF823A /* UI-432Tests.xctest */;
			productType = "com.apple.product-type.bundle.unit-test";
		};
		47FB3502279D9CA000FF823A /* UI-432UITests */ = {
			isa = PBXNativeTarget;
			buildConfigurationList = 47FB3513279D9CA000FF823A /* Build configuration list for PBXNativeTarget "UI-432UITests" */;
			buildPhases = (
				47FB34FF279D9CA000FF823A /* Sources */,
				47FB3500279D9CA000FF823A /* Frameworks */,
				47FB3501279D9CA000FF823A /* Resources */,
			);
			buildRules = (
			);
			dependencies = (
				47FB3505279D9CA000FF823A /* PBXTargetDependency */,
			);
			name = "UI-432UITests";
			productName = "UI-432UITests";
			productReference = 47FB3503279D9CA000FF823A /* UI-432UITests.xctest */;
			productType = "com.apple.product-type.bundle.ui-testing";
		};
/* End PBXNativeTarget section */

/* Begin PBXProject section */
		47FB34E1279D9C9F00FF823A /* Project object */ = {
			isa = PBXProject;
			attributes = {
				BuildIndependentTargetsInParallel = 1;
				LastSwiftUpdateCheck = 1320;
				LastUpgradeCheck = 1320;
				TargetAttributes = {
					47FB34E8279D9C9F00FF823A = {
						CreatedOnToolsVersion = 13.2.1;
					};
					47FB34F8279D9CA000FF823A = {
						CreatedOnToolsVersion = 13.2.1;
						TestTargetID = 47FB34E8279D9C9F00FF823A;
					};
					47FB3502279D9CA000FF823A = {
						CreatedOnToolsVersion = 13.2.1;
						TestTargetID = 47FB34E8279D9C9F00FF823A;
					};
				};
			};
			buildConfigurationList = 47FB34E4279D9C9F00FF823A /* Build configuration list for PBXProject "UI-432" */;
			compatibilityVersion = "Xcode 13.0";
			developmentRegion = en;
			hasScannedForEncodings = 0;
			knownRegions = (
				en,
				Base,
			);
			mainGroup = 47FB34E0279D9C9F00FF823A;
			productRefGroup = 47FB34EA279D9C9F00FF823A /* Products */;
			projectDirPath = "";
			projectRoot = "";
			targets = (
				47FB34E8279D9C9F00FF823A /* UI-432 */,
				47FB34F8279D9CA000FF823A /* UI-432Tests */,
				47FB3502279D9CA000FF823A /* UI-432UITests */,
			);
		};
/* End PBXProject section */

/* Begin PBXResourcesBuildPhase section */
		47FB34E7279D9C9F00FF823A /* Resources */ = {
			isa = PBXResourcesBuildPhase;
			buildActionMask = 2147483647;
			files = (
				47FB34F4279D9CA000FF823A /* Preview Assets.xcassets in Resources */,
				47FB34F1279D9CA000FF823A /* Assets.xcassets in Resources */,
			);
			runOnlyForDeploymentPostprocessing = 0;
		};
		47FB34F7279D9CA000FF823A /* Resources */ = {
			isa = PBXResourcesBuildPhase;
			buildActionMask = 2147483647;
			files = (
			);
			runOnlyForDeploymentPostprocessing = 0;
		};
		47FB3501279D9CA000FF823A /* Resources */ = {
			isa = PBXResourcesBuildPhase;
			buildActionMask = 2147483647;
			files = (
			);
			runOnlyForDeploymentPostprocessing = 0;
		};
/* End PBXResourcesBuildPhase section */

/* Begin PBXSourcesBuildPhase section */
		47FB34E5279D9C9F00FF823A /* Sources */ = {
			isa = PBXSourcesBuildPhase;
			buildActionMask = 2147483647;
			files = (
				47FB34EF279D9C9F00FF823A /* ContentView.swift in Sources */,
				47FB3518279D9D4F00FF823A /* Extensions.swift in Sources */,
				47FB34ED279D9C9F00FF823A /* UI_432App.swift in Sources */,
				47FB351B279DA1DE00FF823A /* HomeViewModel.swift in Sources */,
			);
			runOnlyForDeploymentPostprocessing = 0;
		};
		47FB34F5279D9CA000FF823A /* Sources */ = {
			isa = PBXSourcesBuildPhase;
			buildActionMask = 2147483647;
			files = (
				47FB34FE279D9CA000FF823A /* UI_432Tests.swift in Sources */,
			);
			runOnlyForDeploymentPostprocessing = 0;
		};
		47FB34FF279D9CA000FF823A /* Sources */ = {
			isa = PBXSourcesBuildPhase;
			buildActionMask = 2147483647;
			files = (
				47FB350A279D9CA000FF823A /* UI_432UITestsLaunchTests.swift in Sources */,
				47FB3508279D9CA000FF823A /* UI_432UITests.swift in Sources */,
			);
			runOnlyForDeploymentPostprocessing = 0;
		};
/* End PBXSourcesBuildPhase section */

/* Begin PBXTargetDependency section */
		47FB34FB279D9CA000FF823A /* PBXTargetDependency */ = {
			isa = PBXTargetDependency;
			target = 47FB34E8279D9C9F00FF823A /* UI-432 */;
			targetProxy = 47FB34FA279D9CA000FF823A /* PBXContainerItemProxy */;
		};
		47FB3505279D9CA000FF823A /* PBXTargetDependency */ = {
			isa = PBXTargetDependency;
			target = 47FB34E8279D9C9F00FF823A /* UI-432 */;
			targetProxy = 47FB3504279D9CA000FF823A /* PBXContainerItemProxy */;
		};
/* End PBXTargetDependency section */

/* Begin XCBuildConfiguration section */
		47FB350B279D9CA000FF823A /* Debug */ = {
			isa = XCBuildConfiguration;
			buildSettings = {
				ALWAYS_SEARCH_USER_PATHS = NO;
				CLANG_ANALYZER_NONNULL = YES;
				CLANG_ANALYZER_NUMBER_OBJECT_CONVERSION = YES_AGGRESSIVE;
				CLANG_CXX_LANGUAGE_STANDARD = "gnu++17";
				CLANG_CXX_LIBRARY = "libc++";
				CLANG_ENABLE_MODULES = YES;
				CLANG_ENABLE_OBJC_ARC = YES;
				CLANG_ENABLE_OBJC_WEAK = YES;
				CLANG_WARN_BLOCK_CAPTURE_AUTORELEASING = YES;
				CLANG_WARN_BOOL_CONVERSION = YES;
				CLANG_WARN_COMMA = YES;
				CLANG_WARN_CONSTANT_CONVERSION = YES;
				CLANG_WARN_DEPRECATED_OBJC_IMPLEMENTATIONS = YES;
				CLANG_WARN_DIRECT_OBJC_ISA_USAGE = YES_ERROR;
				CLANG_WARN_DOCUMENTATION_COMMENTS = YES;
				CLANG_WARN_EMPTY_BODY = YES;
				CLANG_WARN_ENUM_CONVERSION = YES;
				CLANG_WARN_INFINITE_RECURSION = YES;
				CLANG_WARN_INT_CONVERSION = YES;
				CLANG_WARN_NON_LITERAL_NULL_CONVERSION = YES;
				CLANG_WARN_OBJC_IMPLICIT_RETAIN_SELF = YES;
				CLANG_WARN_OBJC_LITERAL_CONVERSION = YES;
				CLANG_WARN_OBJC_ROOT_CLASS = YES_ERROR;
				CLANG_WARN_QUOTED_INCLUDE_IN_FRAMEWORK_HEADER = YES;
				CLANG_WARN_RANGE_LOOP_ANALYSIS = YES;
				CLANG_WARN_STRICT_PROTOTYPES = YES;
				CLANG_WARN_SUSPICIOUS_MOVE = YES;
				CLANG_WARN_UNGUARDED_AVAILABILITY = YES_AGGRESSIVE;
				CLANG_WARN_UNREACHABLE_CODE = YES;
				CLANG_WARN__DUPLICATE_METHOD_MATCH = YES;
				COPY_PHASE_STRIP = NO;
				DEBUG_INFORMATION_FORMAT = dwarf;
				ENABLE_STRICT_OBJC_MSGSEND = YES;
				ENABLE_TESTABILITY = YES;
				GCC_C_LANGUAGE_STANDARD = gnu11;
				GCC_DYNAMIC_NO_PIC = NO;
				GCC_NO_COMMON_BLOCKS = YES;
				GCC_OPTIMIZATION_LEVEL = 0;
				GCC_PREPROCESSOR_DEFINITIONS = (
					"DEBUG=1",
					"$(inherited)",
				);
				GCC_WARN_64_TO_32_BIT_CONVERSION = YES;
				GCC_WARN_ABOUT_RETURN_TYPE = YES_ERROR;
				GCC_WARN_UNDECLARED_SELECTOR = YES;
				GCC_WARN_UNINITIALIZED_AUTOS = YES_AGGRESSIVE;
				GCC_WARN_UNUSED_FUNCTION = YES;
				GCC_WARN_UNUSED_VARIABLE = YES;
				IPHONEOS_DEPLOYMENT_TARGET = 15.2;
				MTL_ENABLE_DEBUG_INFO = INCLUDE_SOURCE;
				MTL_FAST_MATH = YES;
				ONLY_ACTIVE_ARCH = YES;
				SDKROOT = iphoneos;
				SWIFT_ACTIVE_COMPILATION_CONDITIONS = DEBUG;
				SWIFT_OPTIMIZATION_LEVEL = "-Onone";
			};
			name = Debug;
		};
		47FB350C279D9CA000FF823A /* Release */ = {
			isa = XCBuildConfiguration;
			buildSettings = {
				ALWAYS_SEARCH_USER_PATHS = NO;
				CLANG_ANALYZER_NONNULL = YES;
				CLANG_ANALYZER_NUMBER_OBJECT_CONVERSION = YES_AGGRESSIVE;
				CLANG_CXX_LANGUAGE_STANDARD = "gnu++17";
				CLANG_CXX_LIBRARY = "libc++";
				CLANG_ENABLE_MODULES = YES;
				CLANG_ENABLE_OBJC_ARC = YES;
				CLANG_ENABLE_OBJC_WEAK = YES;
				CLANG_WARN_BLOCK_CAPTURE_AUTORELEASING = YES;
				CLANG_WARN_BOOL_CONVERSION = YES;
				CLANG_WARN_COMMA = YES;
				CLANG_WARN_CONSTANT_CONVERSION = YES;
				CLANG_WARN_DEPRECATED_OBJC_IMPLEMENTATIONS = YES;
				CLANG_WARN_DIRECT_OBJC_ISA_USAGE = YES_ERROR;
				CLANG_WARN_DOCUMENTATION_COMMENTS = YES;
				CLANG_WARN_EMPTY_BODY = YES;
				CLANG_WARN_ENUM_CONVERSION = YES;
				CLANG_WARN_INFINITE_RECURSION = YES;
				CLANG_WARN_INT_CONVERSION = YES;
				CLANG_WARN_NON_LITERAL_NULL_CONVERSION = YES;
				CLANG_WARN_OBJC_IMPLICIT_RETAIN_SELF = YES;
				CLANG_WARN_OBJC_LITERAL_CONVERSION = YES;
				CLANG_WARN_OBJC_ROOT_CLASS = YES_ERROR;
				CLANG_WARN_QUOTED_INCLUDE_IN_FRAMEWORK_HEADER = YES;
				CLANG_WARN_RANGE_LOOP_ANALYSIS = YES;
				CLANG_WARN_STRICT_PROTOTYPES = YES;
				CLANG_WARN_SUSPICIOUS_MOVE = YES;
				CLANG_WARN_UNGUARDED_AVAILABILITY = YES_AGGRESSIVE;
				CLANG_WARN_UNREACHABLE_CODE = YES;
				CLANG_WARN__DUPLICATE_METHOD_MATCH = YES;
				COPY_PHASE_STRIP = NO;
				DEBUG_INFORMATION_FORMAT = "dwarf-with-dsym";
				ENABLE_NS_ASSERTIONS = NO;
				ENABLE_STRICT_OBJC_MSGSEND = YES;
				GCC_C_LANGUAGE_STANDARD = gnu11;
				GCC_NO_COMMON_BLOCKS = YES;
				GCC_WARN_64_TO_32_BIT_CONVERSION = YES;
				GCC_WARN_ABOUT_RETURN_TYPE = YES_ERROR;
				GCC_WARN_UNDECLARED_SELECTOR = YES;
				GCC_WARN_UNINITIALIZED_AUTOS = YES_AGGRESSIVE;
				GCC_WARN_UNUSED_FUNCTION = YES;
				GCC_WARN_UNUSED_VARIABLE = YES;
				IPHONEOS_DEPLOYMENT_TARGET = 15.2;
				MTL_ENABLE_DEBUG_INFO = NO;
				MTL_FAST_MATH = YES;
				SDKROOT = iphoneos;
				SWIFT_COMPILATION_MODE = wholemodule;
				SWIFT_OPTIMIZATION_LEVEL = "-O";
				VALIDATE_PRODUCT = YES;
			};
			name = Release;
		};
		47FB350E279D9CA000FF823A /* Debug */ = {
			isa = XCBuildConfiguration;
			buildSettings = {
				ASSETCATALOG_COMPILER_APPICON_NAME = AppIcon;
				ASSETCATALOG_COMPILER_GLOBAL_ACCENT_COLOR_NAME = AccentColor;
				CODE_SIGN_STYLE = Automatic;
				CURRENT_PROJECT_VERSION = 1;
				DEVELOPMENT_ASSET_PATHS = "\"UI-432/Preview Content\"";
				DEVELOPMENT_TEAM = 8CL4U468K5;
				ENABLE_PREVIEWS = YES;
				GENERATE_INFOPLIST_FILE = YES;
				INFOPLIST_KEY_UIApplicationSceneManifest_Generation = YES;
				INFOPLIST_KEY_UIApplicationSupportsIndirectInputEvents = YES;
				INFOPLIST_KEY_UILaunchScreen_Generation = YES;
				INFOPLIST_KEY_UISupportedInterfaceOrientations_iPad = "UIInterfaceOrientationPortrait UIInterfaceOrientationPortraitUpsideDown UIInterfaceOrientationLandscapeLeft UIInterfaceOrientationLandscapeRight";
				INFOPLIST_KEY_UISupportedInterfaceOrientations_iPhone = "UIInterfaceOrientationPortrait UIInterfaceOrientationLandscapeLeft UIInterfaceOrientationLandscapeRight";
				LD_RUNPATH_SEARCH_PATHS = (
					"$(inherited)",
					"@executable_path/Frameworks",
				);
				MARKETING_VERSION = 1.0;
				PRODUCT_BUNDLE_IDENTIFIER = "com.585.UI-432";
				PRODUCT_NAME = "$(TARGET_NAME)";
				SWIFT_EMIT_LOC_STRINGS = YES;
				SWIFT_VERSION = 5.0;
				TARGETED_DEVICE_FAMILY = "1,2";
			};
			name = Debug;
		};
		47FB350F279D9CA000FF823A /* Release */ = {
			isa = XCBuildConfiguration;
			buildSettings = {
				ASSETCATALOG_COMPILER_APPICON_NAME = AppIcon;
				ASSETCATALOG_COMPILER_GLOBAL_ACCENT_COLOR_NAME = AccentColor;
				CODE_SIGN_STYLE = Automatic;
				CURRENT_PROJECT_VERSION = 1;
				DEVELOPMENT_ASSET_PATHS = "\"UI-432/Preview Content\"";
				DEVELOPMENT_TEAM = 8CL4U468K5;
				ENABLE_PREVIEWS = YES;
				GENERATE_INFOPLIST_FILE = YES;
				INFOPLIST_KEY_UIApplicationSceneManifest_Generation = YES;
				INFOPLIST_KEY_UIApplicationSupportsIndirectInputEvents = YES;
				INFOPLIST_KEY_UILaunchScreen_Generation = YES;
				INFOPLIST_KEY_UISupportedInterfaceOrientations_iPad = "UIInterfaceOrientationPortrait UIInterfaceOrientationPortraitUpsideDown UIInterfaceOrientationLandscapeLeft UIInterfaceOrientationLandscapeRight";
				INFOPLIST_KEY_UISupportedInterfaceOrientations_iPhone = "UIInterfaceOrientationPortrait UIInterfaceOrientationLandscapeLeft UIInterfaceOrientationLandscapeRight";
				LD_RUNPATH_SEARCH_PATHS = (
					"$(inherited)",
					"@executable_path/Frameworks",
				);
				MARKETING_VERSION = 1.0;
				PRODUCT_BUNDLE_IDENTIFIER = "com.585.UI-432";
				PRODUCT_NAME = "$(TARGET_NAME)";
				SWIFT_EMIT_LOC_STRINGS = YES;
				SWIFT_VERSION = 5.0;
				TARGETED_DEVICE_FAMILY = "1,2";
			};
			name = Release;
		};
		47FB3511279D9CA000FF823A /* Debug */ = {
			isa = XCBuildConfiguration;
			buildSettings = {
				ALWAYS_EMBED_SWIFT_STANDARD_LIBRARIES = YES;
				BUNDLE_LOADER = "$(TEST_HOST)";
				CODE_SIGN_STYLE = Automatic;
				CURRENT_PROJECT_VERSION = 1;
				DEVELOPMENT_TEAM = 8CL4U468K5;
				GENERATE_INFOPLIST_FILE = YES;
				IPHONEOS_DEPLOYMENT_TARGET = 15.2;
				MARKETING_VERSION = 1.0;
				PRODUCT_BUNDLE_IDENTIFIER = "com.585.UI-432Tests";
				PRODUCT_NAME = "$(TARGET_NAME)";
				SWIFT_EMIT_LOC_STRINGS = NO;
				SWIFT_VERSION = 5.0;
				TARGETED_DEVICE_FAMILY = "1,2";
				TEST_HOST = "$(BUILT_PRODUCTS_DIR)/UI-432.app/UI-432";
			};
			name = Debug;
		};
		47FB3512279D9CA000FF823A /* Release */ = {
			isa = XCBuildConfiguration;
			buildSettings = {
				ALWAYS_EMBED_SWIFT_STANDARD_LIBRARIES = YES;
				BUNDLE_LOADER = "$(TEST_HOST)";
				CODE_SIGN_STYLE = Automatic;
				CURRENT_PROJECT_VERSION = 1;
				DEVELOPMENT_TEAM = 8CL4U468K5;
				GENERATE_INFOPLIST_FILE = YES;
				IPHONEOS_DEPLOYMENT_TARGET = 15.2;
				MARKETING_VERSION = 1.0;
				PRODUCT_BUNDLE_IDENTIFIER = "com.585.UI-432Tests";
				PRODUCT_NAME = "$(TARGET_NAME)";
				SWIFT_EMIT_LOC_STRINGS = NO;
				SWIFT_VERSION = 5.0;
				TARGETED_DEVICE_FAMILY = "1,2";
				TEST_HOST = "$(BUILT_PRODUCTS_DIR)/UI-432.app/UI-432";
			};
			name = Release;
		};
		47FB3514279D9CA000FF823A /* Debug */ = {
			isa = XCBuildConfiguration;
			buildSettings = {
				ALWAYS_EMBED_SWIFT_STANDARD_LIBRARIES = YES;
				CODE_SIGN_STYLE = Automatic;
				CURRENT_PROJECT_VERSION = 1;
				DEVELOPMENT_TEAM = 8CL4U468K5;
				GENERATE_INFOPLIST_FILE = YES;
				MARKETING_VERSION = 1.0;
				PRODUCT_BUNDLE_IDENTIFIER = "com.585.UI-432UITests";
				PRODUCT_NAME = "$(TARGET_NAME)";
				SWIFT_EMIT_LOC_STRINGS = NO;
				SWIFT_VERSION = 5.0;
				TARGETED_DEVICE_FAMILY = "1,2";
				TEST_TARGET_NAME = "UI-432";
			};
			name = Debug;
		};
		47FB3515279D9CA000FF823A /* Release */ = {
			isa = XCBuildConfiguration;
			buildSettings = {
				ALWAYS_EMBED_SWIFT_STANDARD_LIBRARIES = YES;
				CODE_SIGN_STYLE = Automatic;
				CURRENT_PROJECT_VERSION = 1;
				DEVELOPMENT_TEAM = 8CL4U468K5;
				GENERATE_INFOPLIST_FILE = YES;
				MARKETING_VERSION = 1.0;
				PRODUCT_BUNDLE_IDENTIFIER = "com.585.UI-432UITests";
				PRODUCT_NAME = "$(TARGET_NAME)";
				SWIFT_EMIT_LOC_STRINGS = NO;
				SWIFT_VERSION = 5.0;
				TARGETED_DEVICE_FAMILY = "1,2";
				TEST_TARGET_NAME = "UI-432";
			};
			name = Release;
		};
/* End XCBuildConfiguration section */

/* Begin XCConfigurationList section */
		47FB34E4279D9C9F00FF823A /* Build configuration list for PBXProject "UI-432" */ = {
			isa = XCConfigurationList;
			buildConfigurations = (
				47FB350B279D9CA000FF823A /* Debug */,
				47FB350C279D9CA000FF823A /* Release */,
			);
			defaultConfigurationIsVisible = 0;
			defaultConfigurationName = Release;
		};
		47FB350D279D9CA000FF823A /* Build configuration list for PBXNativeTarget "UI-432" */ = {
			isa = XCConfigurationList;
			buildConfigurations = (
				47FB350E279D9CA000FF823A /* Debug */,
				47FB350F279D9CA000FF823A /* Release */,
			);
			defaultConfigurationIsVisible = 0;
			defaultConfigurationName = Release;
		};
		47FB3510279D9CA000FF823A /* Build configuration list for PBXNativeTarget "UI-432Tests" */ = {
			isa = XCConfigurationList;
			buildConfigurations = (
				47FB3511279D9CA000FF823A /* Debug */,
				47FB3512279D9CA000FF823A /* Release */,
			);
			defaultConfigurationIsVisible = 0;
			defaultConfigurationName = Release;
		};
		47FB3513279D9CA000FF823A /* Build configuration list for PBXNativeTarget "UI-432UITests" */ = {
			isa = XCConfigurationList;
			buildConfigurations = (
				47FB3514279D9CA000FF823A /* Debug */,
				47FB3515279D9CA000FF823A /* Release */,
			);
			defaultConfigurationIsVisible = 0;
			defaultConfigurationName = Release;
		};
/* End XCConfigurationList section */
	};
	rootObject = 47FB34E1279D9C9F00FF823A /* Project object */;
}
